PODS:
  - APExtensions (10.1.8):
    - APExtensions/Core (= 10.1.8)
    - APExtensions/Storyboard (= 10.1.8)
    - APExtensions/ViewModel (= 10.1.8)
  - APExtensions/Core (10.1.8):
    - RoutableLogger
  - APExtensions/Storyboard (10.1.8)
  - APExtensions/ViewModel (10.1.8)
  - Realm (10.28.1):
    - Realm/Headers (= 10.28.1)
  - Realm/Headers (10.28.1)
  - RealmSwift (10.28.1):
    - Realm (= 10.28.1)
  - RoutableLogger (9.1.12)

DEPENDENCIES:
  - APExtensions (from `https://github.com/APUtils/APExtensions`)
  - RealmSwift

SPEC REPOS:
  trunk:
    - Realm
    - RealmSwift
    - RoutableLogger

EXTERNAL SOURCES:
  APExtensions:
    :git: https://github.com/APUtils/APExtensions

CHECKOUT OPTIONS:
  APExtensions:
    :commit: 852b62abd1515c8ec11dec7b2d7213dec1ec7d61
    :git: https://github.com/APUtils/APExtensions

SPEC CHECKSUMS:
  APExtensions: c67bbacc1e39e07d0ed63f24905ba1013bf13988
  Realm: f4674e0e7ee537f67a78d79bd8319bc777d61d06
  RealmSwift: 0e0e4786685c4442bf56d3831dfefb5fa05d6fd6
  RoutableLogger: 9ad367e9a79df59c3cf5a1707ba9598ffbae8784

PODFILE CHECKSUM: d00c9c74acf0bc1f5a324c1c524ee5e03166605c

COCOAPODS: 1.11.3
