PODS:
  - SDWebImage (5.10.0):
    - SDWebImage/Core (= 5.10.0)
  - SDWebImage/Core (5.10.0)

DEPENDENCIES:
  - SDWebImage (from `https://github.com/dreampiggy/SDWebImage`, branch `fix_race_condition_cancel_callback`)

EXTERNAL SOURCES:
  SDWebImage:
    :branch: fix_race_condition_cancel_callback
    :git: https://github.com/dreampiggy/SDWebImage

CHECKOUT OPTIONS:
  SDWebImage:
    :commit: 9a010de0e8092c11c78c973de6e0f8dcbd296c00
    :git: https://github.com/dreampiggy/SDWebImage

SPEC CHECKSUMS:
  SDWebImage: 9169792e9eec3e45bba2a0c02f74bf8bd922d1ee

PODFILE CHECKSUM: 8752348d22d7e9f1ee41004872a1bd4f0a44cb16

COCOAPODS: 1.10.0
